
Microsoft Visual Studio Solution File, Format Version 12.00
# Visual Studio Version 17
VisualStudioVersion = 17.5.002.0
MinimumVisualStudioVersion = 10.0.40219.1
Project("{9A19103F-16F7-4668-BE54-9A1E7A4F7556}") = "Coroner", "Coroner\Coroner.csproj", "{04FD6926-5D80-4206-8FDF-1ACC140E9DD7}"
EndProject
Global
	GlobalSection(SolutionConfigurationPlatforms) = preSolution
		Debug|Any CPU = Debug|Any CPU
		Release|Any CPU = Release|Any CPU
	EndGlobalSection
	GlobalSection(ProjectConfigurationPlatforms) = postSolution
		{04FD6926-5D80-4206-8FDF-1ACC140E9DD7}.Debug|Any CPU.ActiveCfg = Debug|Any CPU
		{04FD6926-5D80-4206-8FDF-1ACC140E9DD7}.Debug|Any CPU.Build.0 = Debug|Any CPU
		{04FD6926-5D80-4206-8FDF-1ACC140E9DD7}.Release|Any CPU.ActiveCfg = Release|Any CPU
		{04FD6926-5D80-4206-8FDF-1ACC140E9DD7}.Release|Any CPU.Build.0 = Release|Any CPU
	EndGlobalSection
	GlobalSection(SolutionProperties) = preSolution
		HideSolutionNode = FALSE
	EndGlobalSection
	GlobalSection(ExtensibilityGlobals) = postSolution
		SolutionGuid = {9973961F-F45A-4406-8788-DFF58FC1CA65}
	EndGlobalSection
EndGlobal
